
Microsoft Visual Studio Solution File, Format Version 12.00
# Visual Studio Version 16
VisualStudioVersion = 16.0.31424.327
MinimumVisualStudioVersion = 10.0.40219.1
Project("{8BC9CEB8-8B4A-11D0-8D11-00A0C91BC942}") = "1", "1\1.vcxproj", "{F2B489EB-64C7-49FE-9F4C-3D277D458244}"
EndProject
Project("{8BC9CEB8-8B4A-11D0-8D11-00A0C91BC942}") = "2", "2\2.vcxproj", "{D729C022-7223-48CE-9F0B-31EFAF2A995F}"
EndProject
Project("{8BC9CEB8-8B4A-11D0-8D11-00A0C91BC942}") = "3", "3\3.vcxproj", "{4CFC90D4-5C44-4085-ACD2-5F9DBFF83D87}"
EndProject
Project("{8BC9CEB8-8B4A-11D0-8D11-00A0C91BC942}") = "test", "test\test.vcxproj", "{47CE2E73-03E4-4A50-BF5F-11C600F492CA}"
EndProject
Global
	GlobalSection(SolutionConfigurationPlatforms) = preSolution
		Debug|x64 = Debug|x64
		Debug|x86 = Debug|x86
		Release|x64 = Release|x64
		Release|x86 = Release|x86
	EndGlobalSection
	GlobalSection(ProjectConfigurationPlatforms) = postSolution
		{F2B489EB-64C7-49FE-9F4C-3D277D458244}.Debug|x64.ActiveCfg = Debug|x64
		{F2B489EB-64C7-49FE-9F4C-3D277D458244}.Debug|x64.Build.0 = Debug|x64
		{F2B489EB-64C7-49FE-9F4C-3D277D458244}.Debug|x86.ActiveCfg = Debug|Win32
		{F2B489EB-64C7-49FE-9F4C-3D277D458244}.Debug|x86.Build.0 = Debug|Win32
		{F2B489EB-64C7-49FE-9F4C-3D277D458244}.Release|x64.ActiveCfg = Release|x64
		{F2B489EB-64C7-49FE-9F4C-3D277D458244}.Release|x64.Build.0 = Release|x64
		{F2B489EB-64C7-49FE-9F4C-3D277D458244}.Release|x86.ActiveCfg = Release|Win32
		{F2B489EB-64C7-49FE-9F4C-3D277D458244}.Release|x86.Build.0 = Release|Win32
		{D729C022-7223-48CE-9F0B-31EFAF2A995F}.Debug|x64.ActiveCfg = Debug|x64
		{D729C022-7223-48CE-9F0B-31EFAF2A995F}.Debug|x64.Build.0 = Debug|x64
		{D729C022-7223-48CE-9F0B-31EFAF2A995F}.Debug|x86.ActiveCfg = Debug|Win32
		{D729C022-7223-48CE-9F0B-31EFAF2A995F}.Debug|x86.Build.0 = Debug|Win32
		{D729C022-7223-48CE-9F0B-31EFAF2A995F}.Release|x64.ActiveCfg = Release|x64
		{D729C022-7223-48CE-9F0B-31EFAF2A995F}.Release|x64.Build.0 = Release|x64
		{D729C022-7223-48CE-9F0B-31EFAF2A995F}.Release|x86.ActiveCfg = Release|Win32
		{D729C022-7223-48CE-9F0B-31EFAF2A995F}.Release|x86.Build.0 = Release|Win32
		{4CFC90D4-5C44-4085-ACD2-5F9DBFF83D87}.Debug|x64.ActiveCfg = Debug|x64
		{4CFC90D4-5C44-4085-ACD2-5F9DBFF83D87}.Debug|x64.Build.0 = Debug|x64
		{4CFC90D4-5C44-4085-ACD2-5F9DBFF83D87}.Debug|x86.ActiveCfg = Debug|Win32
		{4CFC90D4-5C44-4085-ACD2-5F9DBFF83D87}.Debug|x86.Build.0 = Debug|Win32
		{4CFC90D4-5C44-4085-ACD2-5F9DBFF83D87}.Release|x64.ActiveCfg = Release|x64
		{4CFC90D4-5C44-4085-ACD2-5F9DBFF83D87}.Release|x64.Build.0 = Release|x64
		{4CFC90D4-5C44-4085-ACD2-5F9DBFF83D87}.Release|x86.ActiveCfg = Release|Win32
		{4CFC90D4-5C44-4085-ACD2-5F9DBFF83D87}.Release|x86.Build.0 = Release|Win32
		{47CE2E73-03E4-4A50-BF5F-11C600F492CA}.Debug|x64.ActiveCfg = Debug|x64
		{47CE2E73-03E4-4A50-BF5F-11C600F492CA}.Debug|x64.Build.0 = Debug|x64
		{47CE2E73-03E4-4A50-BF5F-11C600F492CA}.Debug|x86.ActiveCfg = Debug|Win32
		{47CE2E73-03E4-4A50-BF5F-11C600F492CA}.Debug|x86.Build.0 = Debug|Win32
		{47CE2E73-03E4-4A50-BF5F-11C600F492CA}.Release|x64.ActiveCfg = Release|x64
		{47CE2E73-03E4-4A50-BF5F-11C600F492CA}.Release|x64.Build.0 = Release|x64
		{47CE2E73-03E4-4A50-BF5F-11C600F492CA}.Release|x86.ActiveCfg = Release|Win32
		{47CE2E73-03E4-4A50-BF5F-11C600F492CA}.Release|x86.Build.0 = Release|Win32
	EndGlobalSection
	GlobalSection(SolutionProperties) = preSolution
		HideSolutionNode = FALSE
	EndGlobalSection
	GlobalSection(ExtensibilityGlobals) = postSolution
		SolutionGuid = {518F3152-EA29-4FE6-A565-2C17E78B03CC}
	EndGlobalSection
EndGlobal
