
Microsoft Visual Studio Solution File, Format Version 12.00
# Visual Studio Version 16
VisualStudioVersion = 16.0.31424.327
MinimumVisualStudioVersion = 10.0.40219.1
Project("{8BC9CEB8-8B4A-11D0-8D11-00A0C91BC942}") = "1", "1\1.vcxproj", "{17D9FC1B-8E7D-4275-B7FA-992E323A8218}"
EndProject
Project("{8BC9CEB8-8B4A-11D0-8D11-00A0C91BC942}") = "2", "2\2.vcxproj", "{B290EAB5-1E55-48D1-A39C-B79A2111A63C}"
EndProject
Global
	GlobalSection(SolutionConfigurationPlatforms) = preSolution
		Debug|x64 = Debug|x64
		Debug|x86 = Debug|x86
		Release|x64 = Release|x64
		Release|x86 = Release|x86
	EndGlobalSection
	GlobalSection(ProjectConfigurationPlatforms) = postSolution
		{17D9FC1B-8E7D-4275-B7FA-992E323A8218}.Debug|x64.ActiveCfg = Debug|x64
		{17D9FC1B-8E7D-4275-B7FA-992E323A8218}.Debug|x64.Build.0 = Debug|x64
		{17D9FC1B-8E7D-4275-B7FA-992E323A8218}.Debug|x86.ActiveCfg = Debug|Win32
		{17D9FC1B-8E7D-4275-B7FA-992E323A8218}.Debug|x86.Build.0 = Debug|Win32
		{17D9FC1B-8E7D-4275-B7FA-992E323A8218}.Release|x64.ActiveCfg = Release|x64
		{17D9FC1B-8E7D-4275-B7FA-992E323A8218}.Release|x64.Build.0 = Release|x64
		{17D9FC1B-8E7D-4275-B7FA-992E323A8218}.Release|x86.ActiveCfg = Release|Win32
		{17D9FC1B-8E7D-4275-B7FA-992E323A8218}.Release|x86.Build.0 = Release|Win32
		{B290EAB5-1E55-48D1-A39C-B79A2111A63C}.Debug|x64.ActiveCfg = Debug|x64
		{B290EAB5-1E55-48D1-A39C-B79A2111A63C}.Debug|x64.Build.0 = Debug|x64
		{B290EAB5-1E55-48D1-A39C-B79A2111A63C}.Debug|x86.ActiveCfg = Debug|Win32
		{B290EAB5-1E55-48D1-A39C-B79A2111A63C}.Debug|x86.Build.0 = Debug|Win32
		{B290EAB5-1E55-48D1-A39C-B79A2111A63C}.Release|x64.ActiveCfg = Release|x64
		{B290EAB5-1E55-48D1-A39C-B79A2111A63C}.Release|x64.Build.0 = Release|x64
		{B290EAB5-1E55-48D1-A39C-B79A2111A63C}.Release|x86.ActiveCfg = Release|Win32
		{B290EAB5-1E55-48D1-A39C-B79A2111A63C}.Release|x86.Build.0 = Release|Win32
	EndGlobalSection
	GlobalSection(SolutionProperties) = preSolution
		HideSolutionNode = FALSE
	EndGlobalSection
	GlobalSection(ExtensibilityGlobals) = postSolution
		SolutionGuid = {1B22AD30-AEB0-4494-A6F8-61799D52F701}
	EndGlobalSection
EndGlobal
