
Microsoft Visual Studio Solution File, Format Version 12.00
# Visual Studio Version 16
VisualStudioVersion = 16.0.31424.327
MinimumVisualStudioVersion = 10.0.40219.1
Project("{8BC9CEB8-8B4A-11D0-8D11-00A0C91BC942}") = "1_Moreadvancedcalculator", "1_Moreadvancedcalculator\Project1.vcxproj", "{7E08AA25-78F5-4140-BF6A-D65AFEBFA7FF}"
EndProject
Project("{8BC9CEB8-8B4A-11D0-8D11-00A0C91BC942}") = "2_Quadranttwo", "2_Quadranttwo\Project2.vcxproj", "{C3F854E3-3578-4942-B70E-96A97C291CC7}"
EndProject
Project("{8BC9CEB8-8B4A-11D0-8D11-00A0C91BC942}") = "3_Digitsthree", "3_Digitsthree\Project3.vcxproj", "{0A214A04-95AD-45EF-8501-C38210B62A9B}"
EndProject
Project("{8BC9CEB8-8B4A-11D0-8D11-00A0C91BC942}") = "4_TowerOfHanoi", "4_TowerOfHanoi\Project4.vcxproj", "{566C1200-AA6B-4C7D-B767-96A02A412D26}"
EndProject
Global
	GlobalSection(SolutionConfigurationPlatforms) = preSolution
		Debug|x64 = Debug|x64
		Debug|x86 = Debug|x86
		Release|x64 = Release|x64
		Release|x86 = Release|x86
	EndGlobalSection
	GlobalSection(ProjectConfigurationPlatforms) = postSolution
		{7E08AA25-78F5-4140-BF6A-D65AFEBFA7FF}.Debug|x64.ActiveCfg = Debug|x64
		{7E08AA25-78F5-4140-BF6A-D65AFEBFA7FF}.Debug|x64.Build.0 = Debug|x64
		{7E08AA25-78F5-4140-BF6A-D65AFEBFA7FF}.Debug|x86.ActiveCfg = Debug|Win32
		{7E08AA25-78F5-4140-BF6A-D65AFEBFA7FF}.Debug|x86.Build.0 = Debug|Win32
		{7E08AA25-78F5-4140-BF6A-D65AFEBFA7FF}.Release|x64.ActiveCfg = Release|x64
		{7E08AA25-78F5-4140-BF6A-D65AFEBFA7FF}.Release|x64.Build.0 = Release|x64
		{7E08AA25-78F5-4140-BF6A-D65AFEBFA7FF}.Release|x86.ActiveCfg = Release|Win32
		{7E08AA25-78F5-4140-BF6A-D65AFEBFA7FF}.Release|x86.Build.0 = Release|Win32
		{C3F854E3-3578-4942-B70E-96A97C291CC7}.Debug|x64.ActiveCfg = Debug|x64
		{C3F854E3-3578-4942-B70E-96A97C291CC7}.Debug|x64.Build.0 = Debug|x64
		{C3F854E3-3578-4942-B70E-96A97C291CC7}.Debug|x86.ActiveCfg = Debug|Win32
		{C3F854E3-3578-4942-B70E-96A97C291CC7}.Debug|x86.Build.0 = Debug|Win32
		{C3F854E3-3578-4942-B70E-96A97C291CC7}.Release|x64.ActiveCfg = Release|x64
		{C3F854E3-3578-4942-B70E-96A97C291CC7}.Release|x64.Build.0 = Release|x64
		{C3F854E3-3578-4942-B70E-96A97C291CC7}.Release|x86.ActiveCfg = Release|Win32
		{C3F854E3-3578-4942-B70E-96A97C291CC7}.Release|x86.Build.0 = Release|Win32
		{0A214A04-95AD-45EF-8501-C38210B62A9B}.Debug|x64.ActiveCfg = Debug|x64
		{0A214A04-95AD-45EF-8501-C38210B62A9B}.Debug|x64.Build.0 = Debug|x64
		{0A214A04-95AD-45EF-8501-C38210B62A9B}.Debug|x86.ActiveCfg = Debug|Win32
		{0A214A04-95AD-45EF-8501-C38210B62A9B}.Debug|x86.Build.0 = Debug|Win32
		{0A214A04-95AD-45EF-8501-C38210B62A9B}.Release|x64.ActiveCfg = Release|x64
		{0A214A04-95AD-45EF-8501-C38210B62A9B}.Release|x64.Build.0 = Release|x64
		{0A214A04-95AD-45EF-8501-C38210B62A9B}.Release|x86.ActiveCfg = Release|Win32
		{0A214A04-95AD-45EF-8501-C38210B62A9B}.Release|x86.Build.0 = Release|Win32
		{566C1200-AA6B-4C7D-B767-96A02A412D26}.Debug|x64.ActiveCfg = Debug|x64
		{566C1200-AA6B-4C7D-B767-96A02A412D26}.Debug|x64.Build.0 = Debug|x64
		{566C1200-AA6B-4C7D-B767-96A02A412D26}.Debug|x86.ActiveCfg = Debug|Win32
		{566C1200-AA6B-4C7D-B767-96A02A412D26}.Debug|x86.Build.0 = Debug|Win32
		{566C1200-AA6B-4C7D-B767-96A02A412D26}.Release|x64.ActiveCfg = Release|x64
		{566C1200-AA6B-4C7D-B767-96A02A412D26}.Release|x64.Build.0 = Release|x64
		{566C1200-AA6B-4C7D-B767-96A02A412D26}.Release|x86.ActiveCfg = Release|Win32
		{566C1200-AA6B-4C7D-B767-96A02A412D26}.Release|x86.Build.0 = Release|Win32
	EndGlobalSection
	GlobalSection(SolutionProperties) = preSolution
		HideSolutionNode = FALSE
	EndGlobalSection
	GlobalSection(ExtensibilityGlobals) = postSolution
		SolutionGuid = {994FEE87-4D80-4565-9AC4-76556A9B3786}
	EndGlobalSection
EndGlobal
