
Microsoft Visual Studio Solution File, Format Version 12.00
# Visual Studio Version 16
VisualStudioVersion = 16.0.31424.327
MinimumVisualStudioVersion = 10.0.40219.1
Project("{8BC9CEB8-8B4A-11D0-8D11-00A0C91BC942}") = "1", "1\1.vcxproj", "{C8D259A4-CCB2-45E9-B0FA-778FA5F0D8F1}"
EndProject
Project("{8BC9CEB8-8B4A-11D0-8D11-00A0C91BC942}") = "2", "2\2.vcxproj", "{3E0F0E52-1B54-47FF-8CCF-5C5A4B072448}"
EndProject
Project("{8BC9CEB8-8B4A-11D0-8D11-00A0C91BC942}") = "3", "3\3.vcxproj", "{4C26AE98-9520-4878-80DC-98ED4BCCD8EA}"
EndProject
Global
	GlobalSection(SolutionConfigurationPlatforms) = preSolution
		Debug|x64 = Debug|x64
		Debug|x86 = Debug|x86
		Release|x64 = Release|x64
		Release|x86 = Release|x86
	EndGlobalSection
	GlobalSection(ProjectConfigurationPlatforms) = postSolution
		{C8D259A4-CCB2-45E9-B0FA-778FA5F0D8F1}.Debug|x64.ActiveCfg = Debug|x64
		{C8D259A4-CCB2-45E9-B0FA-778FA5F0D8F1}.Debug|x64.Build.0 = Debug|x64
		{C8D259A4-CCB2-45E9-B0FA-778FA5F0D8F1}.Debug|x86.ActiveCfg = Debug|Win32
		{C8D259A4-CCB2-45E9-B0FA-778FA5F0D8F1}.Debug|x86.Build.0 = Debug|Win32
		{C8D259A4-CCB2-45E9-B0FA-778FA5F0D8F1}.Release|x64.ActiveCfg = Release|x64
		{C8D259A4-CCB2-45E9-B0FA-778FA5F0D8F1}.Release|x64.Build.0 = Release|x64
		{C8D259A4-CCB2-45E9-B0FA-778FA5F0D8F1}.Release|x86.ActiveCfg = Release|Win32
		{C8D259A4-CCB2-45E9-B0FA-778FA5F0D8F1}.Release|x86.Build.0 = Release|Win32
		{3E0F0E52-1B54-47FF-8CCF-5C5A4B072448}.Debug|x64.ActiveCfg = Debug|x64
		{3E0F0E52-1B54-47FF-8CCF-5C5A4B072448}.Debug|x64.Build.0 = Debug|x64
		{3E0F0E52-1B54-47FF-8CCF-5C5A4B072448}.Debug|x86.ActiveCfg = Debug|Win32
		{3E0F0E52-1B54-47FF-8CCF-5C5A4B072448}.Debug|x86.Build.0 = Debug|Win32
		{3E0F0E52-1B54-47FF-8CCF-5C5A4B072448}.Release|x64.ActiveCfg = Release|x64
		{3E0F0E52-1B54-47FF-8CCF-5C5A4B072448}.Release|x64.Build.0 = Release|x64
		{3E0F0E52-1B54-47FF-8CCF-5C5A4B072448}.Release|x86.ActiveCfg = Release|Win32
		{3E0F0E52-1B54-47FF-8CCF-5C5A4B072448}.Release|x86.Build.0 = Release|Win32
		{4C26AE98-9520-4878-80DC-98ED4BCCD8EA}.Debug|x64.ActiveCfg = Debug|x64
		{4C26AE98-9520-4878-80DC-98ED4BCCD8EA}.Debug|x64.Build.0 = Debug|x64
		{4C26AE98-9520-4878-80DC-98ED4BCCD8EA}.Debug|x86.ActiveCfg = Debug|Win32
		{4C26AE98-9520-4878-80DC-98ED4BCCD8EA}.Debug|x86.Build.0 = Debug|Win32
		{4C26AE98-9520-4878-80DC-98ED4BCCD8EA}.Release|x64.ActiveCfg = Release|x64
		{4C26AE98-9520-4878-80DC-98ED4BCCD8EA}.Release|x64.Build.0 = Release|x64
		{4C26AE98-9520-4878-80DC-98ED4BCCD8EA}.Release|x86.ActiveCfg = Release|Win32
		{4C26AE98-9520-4878-80DC-98ED4BCCD8EA}.Release|x86.Build.0 = Release|Win32
	EndGlobalSection
	GlobalSection(SolutionProperties) = preSolution
		HideSolutionNode = FALSE
	EndGlobalSection
	GlobalSection(ExtensibilityGlobals) = postSolution
		SolutionGuid = {DAE2C6C6-B4D7-4103-A1CD-D713C1C67C0B}
	EndGlobalSection
EndGlobal
